{
  "name": "sina-news",
  "version": "1.0.0",
  "lockfileVersion": 1,
  "requires": true,
  "dependencies": {
    "feed": {
      "version": "4.2.2",
      "resolved": "https://registry.npm.taobao.org/feed/download/feed-4.2.2.tgz",
      "integrity": "sha1-hleD727RJXnixEu+88kRO8SVan4=",
      "requires": {
        "xml-js": "^1.6.11"
      }
    },
    "node-fetch": {
      "version": "2.6.1",
      "resolved": "https://registry.npm.taobao.org/node-fetch/download/node-fetch-2.6.1.tgz?cache=0&sync_timestamp=1599309206591&other_urls=https%3A%2F%2Fregistry.npm.taobao.org%2Fnode-fetch%2Fdownload%2Fnode-fetch-2.6.1.tgz",
      "integrity": "sha1-BFvTI2Mfdu0uK1VXM5RBa2OaAFI="
    },
    "sax": {
      "version": "1.2.4",
      "resolved": "https://registry.npm.taobao.org/sax/download/sax-1.2.4.tgz?cache=0&sync_timestamp=1589682064084&other_urls=https%3A%2F%2Fregistry.npm.taobao.org%2Fsax%2Fdownload%2Fsax-1.2.4.tgz",
      "integrity": "sha1-KBYjTiN4vdxOU1T6tcqold9xANk="
    },
    "xml-js": {
      "version": "1.6.11",
      "resolved": "https://registry.npm.taobao.org/xml-js/download/xml-js-1.6.11.tgz",
      "integrity": "sha1-kn0vaUf38cGaMW3Y7qNhTosY+Ok=",
      "requires": {
        "sax": "^1.2.4"
      }
    }
  }
}
